
Microsoft Visual Studio Solution File, Format Version 12.00
# Visual Studio Version 16
VisualStudioVersion = 16.0.30621.155
MinimumVisualStudioVersion = 10.0.40219.1
Project("{FAE04EC0-301F-11D3-BF4B-00C04F79EFBC}") = "Sigurnost", "Potpis\Sigurnost.csproj", "{461FEB16-9D69-406F-8932-8783A3879AA6}"
EndProject
Global
	GlobalSection(SolutionConfigurationPlatforms) = preSolution
		Debug|Any CPU = Debug|Any CPU
		Release|Any CPU = Release|Any CPU
	EndGlobalSection
	GlobalSection(ProjectConfigurationPlatforms) = postSolution
		{461FEB16-9D69-406F-8932-8783A3879AA6}.Debug|Any CPU.ActiveCfg = Debug|Any CPU
		{461FEB16-9D69-406F-8932-8783A3879AA6}.Debug|Any CPU.Build.0 = Debug|Any CPU
		{461FEB16-9D69-406F-8932-8783A3879AA6}.Release|Any CPU.ActiveCfg = Release|Any CPU
		{461FEB16-9D69-406F-8932-8783A3879AA6}.Release|Any CPU.Build.0 = Release|Any CPU
	EndGlobalSection
	GlobalSection(SolutionProperties) = preSolution
		HideSolutionNode = FALSE
	EndGlobalSection
	GlobalSection(ExtensibilityGlobals) = postSolution
		SolutionGuid = {1280DC97-0132-4469-BDBB-6FA401829D6B}
	EndGlobalSection
EndGlobal
